
Microsoft Visual Studio Solution File, Format Version 12.00
# Visual Studio 15
VisualStudioVersion = 15.0.28307.757
MinimumVisualStudioVersion = 10.0.40219.1
Project("{FAE04EC0-301F-11D3-BF4B-00C04F79EFBC}") = "Jhoncedric.MusicPlayer", "Jhoncedric.MusicPlayer\Jhoncedric.MusicPlayer.csproj", "{6959280B-29CC-41C1-B655-9084B286DAFC}"
EndProject
Global
	GlobalSection(SolutionConfigurationPlatforms) = preSolution
		Debug|Any CPU = Debug|Any CPU
		Release|Any CPU = Release|Any CPU
	EndGlobalSection
	GlobalSection(ProjectConfigurationPlatforms) = postSolution
		{6959280B-29CC-41C1-B655-9084B286DAFC}.Debug|Any CPU.ActiveCfg = Debug|Any CPU
		{6959280B-29CC-41C1-B655-9084B286DAFC}.Debug|Any CPU.Build.0 = Debug|Any CPU
		{6959280B-29CC-41C1-B655-9084B286DAFC}.Release|Any CPU.ActiveCfg = Release|Any CPU
		{6959280B-29CC-41C1-B655-9084B286DAFC}.Release|Any CPU.Build.0 = Release|Any CPU
	EndGlobalSection
	GlobalSection(SolutionProperties) = preSolution
		HideSolutionNode = FALSE
	EndGlobalSection
	GlobalSection(ExtensibilityGlobals) = postSolution
		SolutionGuid = {D7E65E6D-1F92-444A-882B-CCEB5DAC72D8}
	EndGlobalSection
EndGlobal
